// !$*UTF8*$!
{
	archiveVersion = 1;
	classes = {
	};
	objectVersion = 52;
	objects = {

/* Begin PBXBuildFile section */
		C6A8C6102611E76A00995C02 /* AppDelegate.swift in Sources */ = {isa = PBXBuildFile; fileRef = C6A8C60F2611E76A00995C02 /* AppDelegate.swift */; };
		C6A8C6122611E76A00995C02 /* SceneDelegate.swift in Sources */ = {isa = PBXBuildFile; fileRef = C6A8C6112611E76A00995C02 /* SceneDelegate.swift */; };
		C6A8C6142611E76A00995C02 /* ViewController.swift in Sources */ = {isa = PBXBuildFile; fileRef = C6A8C6132611E76A00995C02 /* ViewController.swift */; };
		C6A8C6172611E76A00995C02 /* Main.storyboard in Resources */ = {isa = PBXBuildFile; fileRef = C6A8C6152611E76A00995C02 /* Main.storyboard */; };
		C6A8C6192611E76C00995C02 /* Assets.xcassets in Resources */ = {isa = PBXBuildFile; fileRef = C6A8C6182611E76C00995C02 /* Assets.xcassets */; };
		C6A8C61C2611E76C00995C02 /* LaunchScreen.storyboard in Resources */ = {isa = PBXBuildFile; fileRef = C6A8C61A2611E76C00995C02 /* LaunchScreen.storyboard */; };
		C6A8C6282611E84700995C02 /* RouteProtocol.swift in Sources */ = {isa = PBXBuildFile; fileRef = C6A8C6272611E84700995C02 /* RouteProtocol.swift */; };
		C6A8C62B2611E88C00995C02 /* Alamofire in Frameworks */ = {isa = PBXBuildFile; productRef = C6A8C62A2611E88C00995C02 /* Alamofire */; };
		C6A8C62D2611E8A700995C02 /* APIProvider.swift in Sources */ = {isa = PBXBuildFile; fileRef = C6A8C62C2611E8A700995C02 /* APIProvider.swift */; };
		C6A8C6302611E93500995C02 /* SwiftyJSON in Frameworks */ = {isa = PBXBuildFile; productRef = C6A8C62F2611E93500995C02 /* SwiftyJSON */; };
		C6A8C6352611F0A500995C02 /* EndpointProtocol.swift in Sources */ = {isa = PBXBuildFile; fileRef = C6A8C6342611F0A400995C02 /* EndpointProtocol.swift */; };
/* End PBXBuildFile section */

/* Begin PBXFileReference section */
		C6A8C60C2611E76A00995C02 /* diaswift-example.app */ = {isa = PBXFileReference; explicitFileType = wrapper.application; includeInIndex = 0; path = "diaswift-example.app"; sourceTree = BUILT_PRODUCTS_DIR; };
		C6A8C60F2611E76A00995C02 /* AppDelegate.swift */ = {isa = PBXFileReference; lastKnownFileType = sourcecode.swift; path = AppDelegate.swift; sourceTree = "<group>"; };
		C6A8C6112611E76A00995C02 /* SceneDelegate.swift */ = {isa = PBXFileReference; lastKnownFileType = sourcecode.swift; path = SceneDelegate.swift; sourceTree = "<group>"; };
		C6A8C6132611E76A00995C02 /* ViewController.swift */ = {isa = PBXFileReference; lastKnownFileType = sourcecode.swift; path = ViewController.swift; sourceTree = "<group>"; };
		C6A8C6162611E76A00995C02 /* Base */ = {isa = PBXFileReference; lastKnownFileType = file.storyboard; name = Base; path = Base.lproj/Main.storyboard; sourceTree = "<group>"; };
		C6A8C6182611E76C00995C02 /* Assets.xcassets */ = {isa = PBXFileReference; lastKnownFileType = folder.assetcatalog; path = Assets.xcassets; sourceTree = "<group>"; };
		C6A8C61B2611E76C00995C02 /* Base */ = {isa = PBXFileReference; lastKnownFileType = file.storyboard; name = Base; path = Base.lproj/LaunchScreen.storyboard; sourceTree = "<group>"; };
		C6A8C61D2611E76C00995C02 /* Info.plist */ = {isa = PBXFileReference; lastKnownFileType = text.plist.xml; path = Info.plist; sourceTree = "<group>"; };
		C6A8C6272611E84700995C02 /* RouteProtocol.swift */ = {isa = PBXFileReference; lastKnownFileType = sourcecode.swift; path = RouteProtocol.swift; sourceTree = "<group>"; };
		C6A8C62C2611E8A700995C02 /* APIProvider.swift */ = {isa = PBXFileReference; lastKnownFileType = sourcecode.swift; path = APIProvider.swift; sourceTree = "<group>"; };
		C6A8C6342611F0A400995C02 /* EndpointProtocol.swift */ = {isa = PBXFileReference; lastKnownFileType = sourcecode.swift; path = EndpointProtocol.swift; sourceTree = "<group>"; };
/* End PBXFileReference section */

/* Begin PBXFrameworksBuildPhase section */
		C6A8C6092611E76A00995C02 /* Frameworks */ = {
			isa = PBXFrameworksBuildPhase;
			buildActionMask = 2147483647;
			files = (
				C6A8C6302611E93500995C02 /* SwiftyJSON in Frameworks */,
				C6A8C62B2611E88C00995C02 /* Alamofire in Frameworks */,
			);
			runOnlyForDeploymentPostprocessing = 0;
		};
/* End PBXFrameworksBuildPhase section */

/* Begin PBXGroup section */
		C6A8C6032611E76A00995C02 = {
			isa = PBXGroup;
			children = (
				C6A8C60E2611E76A00995C02 /* diaswift-example */,
				C6A8C60D2611E76A00995C02 /* Products */,
			);
			sourceTree = "<group>";
		};
		C6A8C60D2611E76A00995C02 /* Products */ = {
			isa = PBXGroup;
			children = (
				C6A8C60C2611E76A00995C02 /* diaswift-example.app */,
			);
			name = Products;
			sourceTree = "<group>";
		};
		C6A8C60E2611E76A00995C02 /* diaswift-example */ = {
			isa = PBXGroup;
			children = (
				C6A8C6232611E78B00995C02 /* Sources */,
				C6A8C60F2611E76A00995C02 /* AppDelegate.swift */,
				C6A8C6112611E76A00995C02 /* SceneDelegate.swift */,
				C6A8C6132611E76A00995C02 /* ViewController.swift */,
				C6A8C6152611E76A00995C02 /* Main.storyboard */,
				C6A8C6182611E76C00995C02 /* Assets.xcassets */,
				C6A8C61A2611E76C00995C02 /* LaunchScreen.storyboard */,
				C6A8C61D2611E76C00995C02 /* Info.plist */,
			);
			path = "diaswift-example";
			sourceTree = "<group>";
		};
		C6A8C6232611E78B00995C02 /* Sources */ = {
			isa = PBXGroup;
			children = (
				C6A8C6242611E7B600995C02 /* API Communicator */,
			);
			name = Sources;
			path = ../../Sources;
			sourceTree = "<group>";
		};
		C6A8C6242611E7B600995C02 /* API Communicator */ = {
			isa = PBXGroup;
			children = (
				C6A8C6272611E84700995C02 /* RouteProtocol.swift */,
				C6A8C6342611F0A400995C02 /* EndpointProtocol.swift */,
				C6A8C62C2611E8A700995C02 /* APIProvider.swift */,
			);
			path = "API Communicator";
			sourceTree = "<group>";
		};
/* End PBXGroup section */

/* Begin PBXNativeTarget section */
		C6A8C60B2611E76A00995C02 /* diaswift-example */ = {
			isa = PBXNativeTarget;
			buildConfigurationList = C6A8C6202611E76C00995C02 /* Build configuration list for PBXNativeTarget "diaswift-example" */;
			buildPhases = (
				C6A8C6082611E76A00995C02 /* Sources */,
				C6A8C6092611E76A00995C02 /* Frameworks */,
				C6A8C60A2611E76A00995C02 /* Resources */,
			);
			buildRules = (
			);
			dependencies = (
			);
			name = "diaswift-example";
			packageProductDependencies = (
				C6A8C62A2611E88C00995C02 /* Alamofire */,
				C6A8C62F2611E93500995C02 /* SwiftyJSON */,
			);
			productName = "diaswift-example";
			productReference = C6A8C60C2611E76A00995C02 /* diaswift-example.app */;
			productType = "com.apple.product-type.application";
		};
/* End PBXNativeTarget section */

/* Begin PBXProject section */
		C6A8C6042611E76A00995C02 /* Project object */ = {
			isa = PBXProject;
			attributes = {
				LastSwiftUpdateCheck = 1250;
				LastUpgradeCheck = 1250;
				TargetAttributes = {
					C6A8C60B2611E76A00995C02 = {
						CreatedOnToolsVersion = 12.5;
					};
				};
			};
			buildConfigurationList = C6A8C6072611E76A00995C02 /* Build configuration list for PBXProject "diaswift-example" */;
			compatibilityVersion = "Xcode 9.3";
			developmentRegion = en;
			hasScannedForEncodings = 0;
			knownRegions = (
				en,
				Base,
			);
			mainGroup = C6A8C6032611E76A00995C02;
			packageReferences = (
				C6A8C6292611E88C00995C02 /* XCRemoteSwiftPackageReference "Alamofire" */,
				C6A8C62E2611E93500995C02 /* XCRemoteSwiftPackageReference "SwiftyJSON" */,
			);
			productRefGroup = C6A8C60D2611E76A00995C02 /* Products */;
			projectDirPath = "";
			projectRoot = "";
			targets = (
				C6A8C60B2611E76A00995C02 /* diaswift-example */,
			);
		};
/* End PBXProject section */

/* Begin PBXResourcesBuildPhase section */
		C6A8C60A2611E76A00995C02 /* Resources */ = {
			isa = PBXResourcesBuildPhase;
			buildActionMask = 2147483647;
			files = (
				C6A8C61C2611E76C00995C02 /* LaunchScreen.storyboard in Resources */,
				C6A8C6192611E76C00995C02 /* Assets.xcassets in Resources */,
				C6A8C6172611E76A00995C02 /* Main.storyboard in Resources */,
			);
			runOnlyForDeploymentPostprocessing = 0;
		};
/* End PBXResourcesBuildPhase section */

/* Begin PBXSourcesBuildPhase section */
		C6A8C6082611E76A00995C02 /* Sources */ = {
			isa = PBXSourcesBuildPhase;
			buildActionMask = 2147483647;
			files = (
				C6A8C6352611F0A500995C02 /* EndpointProtocol.swift in Sources */,
				C6A8C6142611E76A00995C02 /* ViewController.swift in Sources */,
				C6A8C62D2611E8A700995C02 /* APIProvider.swift in Sources */,
				C6A8C6102611E76A00995C02 /* AppDelegate.swift in Sources */,
				C6A8C6122611E76A00995C02 /* SceneDelegate.swift in Sources */,
				C6A8C6282611E84700995C02 /* RouteProtocol.swift in Sources */,
			);
			runOnlyForDeploymentPostprocessing = 0;
		};
/* End PBXSourcesBuildPhase section */

/* Begin PBXVariantGroup section */
		C6A8C6152611E76A00995C02 /* Main.storyboard */ = {
			isa = PBXVariantGroup;
			children = (
				C6A8C6162611E76A00995C02 /* Base */,
			);
			name = Main.storyboard;
			sourceTree = "<group>";
		};
		C6A8C61A2611E76C00995C02 /* LaunchScreen.storyboard */ = {
			isa = PBXVariantGroup;
			children = (
				C6A8C61B2611E76C00995C02 /* Base */,
			);
			name = LaunchScreen.storyboard;
			sourceTree = "<group>";
		};
/* End PBXVariantGroup section */

/* Begin XCBuildConfiguration section */
		C6A8C61E2611E76C00995C02 /* Debug */ = {
			isa = XCBuildConfiguration;
			buildSettings = {
				ALWAYS_SEARCH_USER_PATHS = NO;
				CLANG_ANALYZER_NONNULL = YES;
				CLANG_ANALYZER_NUMBER_OBJECT_CONVERSION = YES_AGGRESSIVE;
				CLANG_CXX_LANGUAGE_STANDARD = "gnu++14";
				CLANG_CXX_LIBRARY = "libc++";
				CLANG_ENABLE_MODULES = YES;
				CLANG_ENABLE_OBJC_ARC = YES;
				CLANG_ENABLE_OBJC_WEAK = YES;
				CLANG_WARN_BLOCK_CAPTURE_AUTORELEASING = YES;
				CLANG_WARN_BOOL_CONVERSION = YES;
				CLANG_WARN_COMMA = YES;
				CLANG_WARN_CONSTANT_CONVERSION = YES;
				CLANG_WARN_DEPRECATED_OBJC_IMPLEMENTATIONS = YES;
				CLANG_WARN_DIRECT_OBJC_ISA_USAGE = YES_ERROR;
				CLANG_WARN_DOCUMENTATION_COMMENTS = YES;
				CLANG_WARN_EMPTY_BODY = YES;
				CLANG_WARN_ENUM_CONVERSION = YES;
				CLANG_WARN_INFINITE_RECURSION = YES;
				CLANG_WARN_INT_CONVERSION = YES;
				CLANG_WARN_NON_LITERAL_NULL_CONVERSION = YES;
				CLANG_WARN_OBJC_IMPLICIT_RETAIN_SELF = YES;
				CLANG_WARN_OBJC_LITERAL_CONVERSION = YES;
				CLANG_WARN_OBJC_ROOT_CLASS = YES_ERROR;
				CLANG_WARN_QUOTED_INCLUDE_IN_FRAMEWORK_HEADER = YES;
				CLANG_WARN_RANGE_LOOP_ANALYSIS = YES;
				CLANG_WARN_STRICT_PROTOTYPES = YES;
				CLANG_WARN_SUSPICIOUS_MOVE = YES;
				CLANG_WARN_UNGUARDED_AVAILABILITY = YES_AGGRESSIVE;
				CLANG_WARN_UNREACHABLE_CODE = YES;
				CLANG_WARN__DUPLICATE_METHOD_MATCH = YES;
				COPY_PHASE_STRIP = NO;
				DEBUG_INFORMATION_FORMAT = dwarf;
				ENABLE_STRICT_OBJC_MSGSEND = YES;
				ENABLE_TESTABILITY = YES;
				GCC_C_LANGUAGE_STANDARD = gnu11;
				GCC_DYNAMIC_NO_PIC = NO;
				GCC_NO_COMMON_BLOCKS = YES;
				GCC_OPTIMIZATION_LEVEL = 0;
				GCC_PREPROCESSOR_DEFINITIONS = (
					"DEBUG=1",
					"$(inherited)",
				);
				GCC_WARN_64_TO_32_BIT_CONVERSION = YES;
				GCC_WARN_ABOUT_RETURN_TYPE = YES_ERROR;
				GCC_WARN_UNDECLARED_SELECTOR = YES;
				GCC_WARN_UNINITIALIZED_AUTOS = YES_AGGRESSIVE;
				GCC_WARN_UNUSED_FUNCTION = YES;
				GCC_WARN_UNUSED_VARIABLE = YES;
				IPHONEOS_DEPLOYMENT_TARGET = 14.5;
				MTL_ENABLE_DEBUG_INFO = INCLUDE_SOURCE;
				MTL_FAST_MATH = YES;
				ONLY_ACTIVE_ARCH = YES;
				SDKROOT = iphoneos;
				SWIFT_ACTIVE_COMPILATION_CONDITIONS = DEBUG;
				SWIFT_OPTIMIZATION_LEVEL = "-Onone";
			};
			name = Debug;
		};
		C6A8C61F2611E76C00995C02 /* Release */ = {
			isa = XCBuildConfiguration;
			buildSettings = {
				ALWAYS_SEARCH_USER_PATHS = NO;
				CLANG_ANALYZER_NONNULL = YES;
				CLANG_ANALYZER_NUMBER_OBJECT_CONVERSION = YES_AGGRESSIVE;
				CLANG_CXX_LANGUAGE_STANDARD = "gnu++14";
				CLANG_CXX_LIBRARY = "libc++";
				CLANG_ENABLE_MODULES = YES;
				CLANG_ENABLE_OBJC_ARC = YES;
				CLANG_ENABLE_OBJC_WEAK = YES;
				CLANG_WARN_BLOCK_CAPTURE_AUTORELEASING = YES;
				CLANG_WARN_BOOL_CONVERSION = YES;
				CLANG_WARN_COMMA = YES;
				CLANG_WARN_CONSTANT_CONVERSION = YES;
				CLANG_WARN_DEPRECATED_OBJC_IMPLEMENTATIONS = YES;
				CLANG_WARN_DIRECT_OBJC_ISA_USAGE = YES_ERROR;
				CLANG_WARN_DOCUMENTATION_COMMENTS = YES;
				CLANG_WARN_EMPTY_BODY = YES;
				CLANG_WARN_ENUM_CONVERSION = YES;
				CLANG_WARN_INFINITE_RECURSION = YES;
				CLANG_WARN_INT_CONVERSION = YES;
				CLANG_WARN_NON_LITERAL_NULL_CONVERSION = YES;
				CLANG_WARN_OBJC_IMPLICIT_RETAIN_SELF = YES;
				CLANG_WARN_OBJC_LITERAL_CONVERSION = YES;
				CLANG_WARN_OBJC_ROOT_CLASS = YES_ERROR;
				CLANG_WARN_QUOTED_INCLUDE_IN_FRAMEWORK_HEADER = YES;
				CLANG_WARN_RANGE_LOOP_ANALYSIS = YES;
				CLANG_WARN_STRICT_PROTOTYPES = YES;
				CLANG_WARN_SUSPICIOUS_MOVE = YES;
				CLANG_WARN_UNGUARDED_AVAILABILITY = YES_AGGRESSIVE;
				CLANG_WARN_UNREACHABLE_CODE = YES;
				CLANG_WARN__DUPLICATE_METHOD_MATCH = YES;
				COPY_PHASE_STRIP = NO;
				DEBUG_INFORMATION_FORMAT = "dwarf-with-dsym";
				ENABLE_NS_ASSERTIONS = NO;
				ENABLE_STRICT_OBJC_MSGSEND = YES;
				GCC_C_LANGUAGE_STANDARD = gnu11;
				GCC_NO_COMMON_BLOCKS = YES;
				GCC_WARN_64_TO_32_BIT_CONVERSION = YES;
				GCC_WARN_ABOUT_RETURN_TYPE = YES_ERROR;
				GCC_WARN_UNDECLARED_SELECTOR = YES;
				GCC_WARN_UNINITIALIZED_AUTOS = YES_AGGRESSIVE;
				GCC_WARN_UNUSED_FUNCTION = YES;
				GCC_WARN_UNUSED_VARIABLE = YES;
				IPHONEOS_DEPLOYMENT_TARGET = 14.5;
				MTL_ENABLE_DEBUG_INFO = NO;
				MTL_FAST_MATH = YES;
				SDKROOT = iphoneos;
				SWIFT_COMPILATION_MODE = wholemodule;
				SWIFT_OPTIMIZATION_LEVEL = "-O";
				VALIDATE_PRODUCT = YES;
			};
			name = Release;
		};
		C6A8C6212611E76C00995C02 /* Debug */ = {
			isa = XCBuildConfiguration;
			buildSettings = {
				ASSETCATALOG_COMPILER_APPICON_NAME = AppIcon;
				ASSETCATALOG_COMPILER_GLOBAL_ACCENT_COLOR_NAME = AccentColor;
				CODE_SIGN_STYLE = Automatic;
				DEVELOPMENT_TEAM = LGYQ8H3TW3;
				INFOPLIST_FILE = "diaswift-example/Info.plist";
				LD_RUNPATH_SEARCH_PATHS = (
					"$(inherited)",
					"@executable_path/Frameworks",
				);
				PRODUCT_BUNDLE_IDENTIFIER = "com.jpteruel.diaswift-example";
				PRODUCT_NAME = "$(TARGET_NAME)";
				SWIFT_VERSION = 5.0;
				TARGETED_DEVICE_FAMILY = "1,2";
			};
			name = Debug;
		};
		C6A8C6222611E76C00995C02 /* Release */ = {
			isa = XCBuildConfiguration;
			buildSettings = {
				ASSETCATALOG_COMPILER_APPICON_NAME = AppIcon;
				ASSETCATALOG_COMPILER_GLOBAL_ACCENT_COLOR_NAME = AccentColor;
				CODE_SIGN_STYLE = Automatic;
				DEVELOPMENT_TEAM = LGYQ8H3TW3;
				INFOPLIST_FILE = "diaswift-example/Info.plist";
				LD_RUNPATH_SEARCH_PATHS = (
					"$(inherited)",
					"@executable_path/Frameworks",
				);
				PRODUCT_BUNDLE_IDENTIFIER = "com.jpteruel.diaswift-example";
				PRODUCT_NAME = "$(TARGET_NAME)";
				SWIFT_VERSION = 5.0;
				TARGETED_DEVICE_FAMILY = "1,2";
			};
			name = Release;
		};
/* End XCBuildConfiguration section */

/* Begin XCConfigurationList section */
		C6A8C6072611E76A00995C02 /* Build configuration list for PBXProject "diaswift-example" */ = {
			isa = XCConfigurationList;
			buildConfigurations = (
				C6A8C61E2611E76C00995C02 /* Debug */,
				C6A8C61F2611E76C00995C02 /* Release */,
			);
			defaultConfigurationIsVisible = 0;
			defaultConfigurationName = Release;
		};
		C6A8C6202611E76C00995C02 /* Build configuration list for PBXNativeTarget "diaswift-example" */ = {
			isa = XCConfigurationList;
			buildConfigurations = (
				C6A8C6212611E76C00995C02 /* Debug */,
				C6A8C6222611E76C00995C02 /* Release */,
			);
			defaultConfigurationIsVisible = 0;
			defaultConfigurationName = Release;
		};
/* End XCConfigurationList section */

/* Begin XCRemoteSwiftPackageReference section */
		C6A8C6292611E88C00995C02 /* XCRemoteSwiftPackageReference "Alamofire" */ = {
			isa = XCRemoteSwiftPackageReference;
			repositoryURL = "https://github.com/Alamofire/Alamofire.git";
			requirement = {
				kind = upToNextMajorVersion;
				minimumVersion = 5.4.1;
			};
		};
		C6A8C62E2611E93500995C02 /* XCRemoteSwiftPackageReference "SwiftyJSON" */ = {
			isa = XCRemoteSwiftPackageReference;
			repositoryURL = "https://github.com/SwiftyJSON/SwiftyJSON.git";
			requirement = {
				kind = upToNextMajorVersion;
				minimumVersion = 5.0.1;
			};
		};
/* End XCRemoteSwiftPackageReference section */

/* Begin XCSwiftPackageProductDependency section */
		C6A8C62A2611E88C00995C02 /* Alamofire */ = {
			isa = XCSwiftPackageProductDependency;
			package = C6A8C6292611E88C00995C02 /* XCRemoteSwiftPackageReference "Alamofire" */;
			productName = Alamofire;
		};
		C6A8C62F2611E93500995C02 /* SwiftyJSON */ = {
			isa = XCSwiftPackageProductDependency;
			package = C6A8C62E2611E93500995C02 /* XCRemoteSwiftPackageReference "SwiftyJSON" */;
			productName = SwiftyJSON;
		};
/* End XCSwiftPackageProductDependency section */
	};
	rootObject = C6A8C6042611E76A00995C02 /* Project object */;
}
